// !$*UTF8*$!
{
	archiveVersion = 1;
	classes = {
	};
	objectVersion = 50;
	objects = {

/* Begin PBXBuildFile section */
		8A2CBEC7269C7B0A0099FF2D /* Array+Only.swift in Sources */ = {isa = PBXBuildFile; fileRef = 8A2CBEC6269C7B0A0099FF2D /* Array+Only.swift */; };
		8A2CBEC8269C7B0A0099FF2D /* Array+Only.swift in Sources */ = {isa = PBXBuildFile; fileRef = 8A2CBEC6269C7B0A0099FF2D /* Array+Only.swift */; };
		8A2CBECA269D8E7A0099FF2D /* Color+Hex.swift in Sources */ = {isa = PBXBuildFile; fileRef = 8A2CBEC9269D8E7A0099FF2D /* Color+Hex.swift */; };
		8A2CBECB269D8E7A0099FF2D /* Color+Hex.swift in Sources */ = {isa = PBXBuildFile; fileRef = 8A2CBEC9269D8E7A0099FF2D /* Color+Hex.swift */; };
		8A2CBECD26A053A50099FF2D /* Pie.swift in Sources */ = {isa = PBXBuildFile; fileRef = 8A2CBECC26A053A50099FF2D /* Pie.swift */; };
		8A2CBECE26A053A50099FF2D /* Pie.swift in Sources */ = {isa = PBXBuildFile; fileRef = 8A2CBECC26A053A50099FF2D /* Pie.swift */; };
		8A2CBED026A05E800099FF2D /* Cardify.swift in Sources */ = {isa = PBXBuildFile; fileRef = 8A2CBECF26A05E800099FF2D /* Cardify.swift */; };
		8A2CBED126A05E800099FF2D /* Cardify.swift in Sources */ = {isa = PBXBuildFile; fileRef = 8A2CBECF26A05E800099FF2D /* Cardify.swift */; };
		8A5FA014266B674F0059224D /* MemorizeApp.swift in Sources */ = {isa = PBXBuildFile; fileRef = 8A5FA001266B674E0059224D /* MemorizeApp.swift */; };
		8A5FA015266B674F0059224D /* MemorizeApp.swift in Sources */ = {isa = PBXBuildFile; fileRef = 8A5FA001266B674E0059224D /* MemorizeApp.swift */; };
		8A5FA016266B674F0059224D /* EmojiMemoryGameView.swift in Sources */ = {isa = PBXBuildFile; fileRef = 8A5FA002266B674E0059224D /* EmojiMemoryGameView.swift */; };
		8A5FA017266B674F0059224D /* EmojiMemoryGameView.swift in Sources */ = {isa = PBXBuildFile; fileRef = 8A5FA002266B674E0059224D /* EmojiMemoryGameView.swift */; };
		8A5FA018266B674F0059224D /* Assets.xcassets in Resources */ = {isa = PBXBuildFile; fileRef = 8A5FA003266B674F0059224D /* Assets.xcassets */; };
		8A5FA019266B674F0059224D /* Assets.xcassets in Resources */ = {isa = PBXBuildFile; fileRef = 8A5FA003266B674F0059224D /* Assets.xcassets */; };
		8A5FA025266F4C070059224D /* MemoryGame.swift in Sources */ = {isa = PBXBuildFile; fileRef = 8A5FA024266F4C070059224D /* MemoryGame.swift */; };
		8A5FA026266F4C070059224D /* MemoryGame.swift in Sources */ = {isa = PBXBuildFile; fileRef = 8A5FA024266F4C070059224D /* MemoryGame.swift */; };
		8A5FA028266F4EAC0059224D /* EmojiMemoryGame.swift in Sources */ = {isa = PBXBuildFile; fileRef = 8A5FA027266F4EAC0059224D /* EmojiMemoryGame.swift */; };
		8A5FA029266F4EAC0059224D /* EmojiMemoryGame.swift in Sources */ = {isa = PBXBuildFile; fileRef = 8A5FA027266F4EAC0059224D /* EmojiMemoryGame.swift */; };
		8A65651126734FDF0043EE57 /* Grid.swift in Sources */ = {isa = PBXBuildFile; fileRef = 8A65651026734FDF0043EE57 /* Grid.swift */; };
		8A65651226734FDF0043EE57 /* Grid.swift in Sources */ = {isa = PBXBuildFile; fileRef = 8A65651026734FDF0043EE57 /* Grid.swift */; };
		8A656514267355500043EE57 /* GridLayout.swift in Sources */ = {isa = PBXBuildFile; fileRef = 8A656513267355500043EE57 /* GridLayout.swift */; };
		8A656515267355500043EE57 /* GridLayout.swift in Sources */ = {isa = PBXBuildFile; fileRef = 8A656513267355500043EE57 /* GridLayout.swift */; };
		8A656517267361300043EE57 /* Array+Identifiable.swift in Sources */ = {isa = PBXBuildFile; fileRef = 8A656516267361300043EE57 /* Array+Identifiable.swift */; };
		8A656518267361300043EE57 /* Array+Identifiable.swift in Sources */ = {isa = PBXBuildFile; fileRef = 8A656516267361300043EE57 /* Array+Identifiable.swift */; };
/* End PBXBuildFile section */

/* Begin PBXFileReference section */
		8A2CBEC6269C7B0A0099FF2D /* Array+Only.swift */ = {isa = PBXFileReference; lastKnownFileType = sourcecode.swift; path = "Array+Only.swift"; sourceTree = "<group>"; };
		8A2CBEC9269D8E7A0099FF2D /* Color+Hex.swift */ = {isa = PBXFileReference; lastKnownFileType = sourcecode.swift; path = "Color+Hex.swift"; sourceTree = "<group>"; };
		8A2CBECC26A053A50099FF2D /* Pie.swift */ = {isa = PBXFileReference; lastKnownFileType = sourcecode.swift; path = Pie.swift; sourceTree = "<group>"; };
		8A2CBECF26A05E800099FF2D /* Cardify.swift */ = {isa = PBXFileReference; lastKnownFileType = sourcecode.swift; path = Cardify.swift; sourceTree = "<group>"; };
		8A5FA001266B674E0059224D /* MemorizeApp.swift */ = {isa = PBXFileReference; lastKnownFileType = sourcecode.swift; path = MemorizeApp.swift; sourceTree = "<group>"; };
		8A5FA002266B674E0059224D /* EmojiMemoryGameView.swift */ = {isa = PBXFileReference; lastKnownFileType = sourcecode.swift; path = EmojiMemoryGameView.swift; sourceTree = "<group>"; };
		8A5FA003266B674F0059224D /* Assets.xcassets */ = {isa = PBXFileReference; lastKnownFileType = folder.assetcatalog; path = Assets.xcassets; sourceTree = "<group>"; };
		8A5FA008266B674F0059224D /* Memorize.app */ = {isa = PBXFileReference; explicitFileType = wrapper.application; includeInIndex = 0; path = Memorize.app; sourceTree = BUILT_PRODUCTS_DIR; };
		8A5FA00B266B674F0059224D /* Info.plist */ = {isa = PBXFileReference; lastKnownFileType = text.plist.xml; path = Info.plist; sourceTree = "<group>"; };
		8A5FA010266B674F0059224D /* Memorize.app */ = {isa = PBXFileReference; explicitFileType = wrapper.application; includeInIndex = 0; path = Memorize.app; sourceTree = BUILT_PRODUCTS_DIR; };
		8A5FA012266B674F0059224D /* Info.plist */ = {isa = PBXFileReference; lastKnownFileType = text.plist.xml; path = Info.plist; sourceTree = "<group>"; };
		8A5FA013266B674F0059224D /* macOS.entitlements */ = {isa = PBXFileReference; lastKnownFileType = text.plist.entitlements; path = macOS.entitlements; sourceTree = "<group>"; };
		8A5FA024266F4C070059224D /* MemoryGame.swift */ = {isa = PBXFileReference; lastKnownFileType = sourcecode.swift; path = MemoryGame.swift; sourceTree = "<group>"; };
		8A5FA027266F4EAC0059224D /* EmojiMemoryGame.swift */ = {isa = PBXFileReference; lastKnownFileType = sourcecode.swift; path = EmojiMemoryGame.swift; sourceTree = "<group>"; };
		8A65651026734FDF0043EE57 /* Grid.swift */ = {isa = PBXFileReference; lastKnownFileType = sourcecode.swift; path = Grid.swift; sourceTree = "<group>"; };
		8A656513267355500043EE57 /* GridLayout.swift */ = {isa = PBXFileReference; fileEncoding = 4; lastKnownFileType = sourcecode.swift; path = GridLayout.swift; sourceTree = "<group>"; };
		8A656516267361300043EE57 /* Array+Identifiable.swift */ = {isa = PBXFileReference; lastKnownFileType = sourcecode.swift; path = "Array+Identifiable.swift"; sourceTree = "<group>"; };
/* End PBXFileReference section */

/* Begin PBXFrameworksBuildPhase section */
		8A5FA005266B674F0059224D /* Frameworks */ = {
			isa = PBXFrameworksBuildPhase;
			buildActionMask = 2147483647;
			files = (
			);
			runOnlyForDeploymentPostprocessing = 0;
		};
		8A5FA00D266B674F0059224D /* Frameworks */ = {
			isa = PBXFrameworksBuildPhase;
			buildActionMask = 2147483647;
			files = (
			);
			runOnlyForDeploymentPostprocessing = 0;
		};
/* End PBXFrameworksBuildPhase section */

/* Begin PBXGroup section */
		8A5F9FFB266B674E0059224D = {
			isa = PBXGroup;
			children = (
				8A5FA000266B674E0059224D /* Shared */,
				8A5FA00A266B674F0059224D /* iOS */,
				8A5FA011266B674F0059224D /* macOS */,
				8A5FA009266B674F0059224D /* Products */,
			);
			sourceTree = "<group>";
		};
		8A5FA000266B674E0059224D /* Shared */ = {
			isa = PBXGroup;
			children = (
				8A5FA001266B674E0059224D /* MemorizeApp.swift */,
				8A5FA002266B674E0059224D /* EmojiMemoryGameView.swift */,
				8A2CBECF26A05E800099FF2D /* Cardify.swift */,
				8A2CBECC26A053A50099FF2D /* Pie.swift */,
				8A65651026734FDF0043EE57 /* Grid.swift */,
				8A656513267355500043EE57 /* GridLayout.swift */,
				8A5FA024266F4C070059224D /* MemoryGame.swift */,
				8A5FA027266F4EAC0059224D /* EmojiMemoryGame.swift */,
				8A5FA003266B674F0059224D /* Assets.xcassets */,
				8A656519267361380043EE57 /* Extension */,
			);
			path = Shared;
			sourceTree = "<group>";
		};
		8A5FA009266B674F0059224D /* Products */ = {
			isa = PBXGroup;
			children = (
				8A5FA008266B674F0059224D /* Memorize.app */,
				8A5FA010266B674F0059224D /* Memorize.app */,
			);
			name = Products;
			sourceTree = "<group>";
		};
		8A5FA00A266B674F0059224D /* iOS */ = {
			isa = PBXGroup;
			children = (
				8A5FA00B266B674F0059224D /* Info.plist */,
			);
			path = iOS;
			sourceTree = "<group>";
		};
		8A5FA011266B674F0059224D /* macOS */ = {
			isa = PBXGroup;
			children = (
				8A5FA012266B674F0059224D /* Info.plist */,
				8A5FA013266B674F0059224D /* macOS.entitlements */,
			);
			path = macOS;
			sourceTree = "<group>";
		};
		8A656519267361380043EE57 /* Extension */ = {
			isa = PBXGroup;
			children = (
				8A656516267361300043EE57 /* Array+Identifiable.swift */,
				8A2CBEC6269C7B0A0099FF2D /* Array+Only.swift */,
				8A2CBEC9269D8E7A0099FF2D /* Color+Hex.swift */,
			);
			path = Extension;
			sourceTree = "<group>";
		};
/* End PBXGroup section */

/* Begin PBXNativeTarget section */
		8A5FA007266B674F0059224D /* Memorize (iOS) */ = {
			isa = PBXNativeTarget;
			buildConfigurationList = 8A5FA01C266B674F0059224D /* Build configuration list for PBXNativeTarget "Memorize (iOS)" */;
			buildPhases = (
				8A5FA004266B674F0059224D /* Sources */,
				8A5FA005266B674F0059224D /* Frameworks */,
				8A5FA006266B674F0059224D /* Resources */,
			);
			buildRules = (
			);
			dependencies = (
			);
			name = "Memorize (iOS)";
			productName = "Memorize (iOS)";
			productReference = 8A5FA008266B674F0059224D /* Memorize.app */;
			productType = "com.apple.product-type.application";
		};
		8A5FA00F266B674F0059224D /* Memorize (macOS) */ = {
			isa = PBXNativeTarget;
			buildConfigurationList = 8A5FA01F266B674F0059224D /* Build configuration list for PBXNativeTarget "Memorize (macOS)" */;
			buildPhases = (
				8A5FA00C266B674F0059224D /* Sources */,
				8A5FA00D266B674F0059224D /* Frameworks */,
				8A5FA00E266B674F0059224D /* Resources */,
			);
			buildRules = (
			);
			dependencies = (
			);
			name = "Memorize (macOS)";
			productName = "Memorize (macOS)";
			productReference = 8A5FA010266B674F0059224D /* Memorize.app */;
			productType = "com.apple.product-type.application";
		};
/* End PBXNativeTarget section */

/* Begin PBXProject section */
		8A5F9FFC266B674E0059224D /* Project object */ = {
			isa = PBXProject;
			attributes = {
				LastSwiftUpdateCheck = 1250;
				LastUpgradeCheck = 1250;
				TargetAttributes = {
					8A5FA007266B674F0059224D = {
						CreatedOnToolsVersion = 12.5;
					};
					8A5FA00F266B674F0059224D = {
						CreatedOnToolsVersion = 12.5;
					};
				};
			};
			buildConfigurationList = 8A5F9FFF266B674E0059224D /* Build configuration list for PBXProject "Memorize" */;
			compatibilityVersion = "Xcode 9.3";
			developmentRegion = en;
			hasScannedForEncodings = 0;
			knownRegions = (
				en,
				Base,
			);
			mainGroup = 8A5F9FFB266B674E0059224D;
			productRefGroup = 8A5FA009266B674F0059224D /* Products */;
			projectDirPath = "";
			projectRoot = "";
			targets = (
				8A5FA007266B674F0059224D /* Memorize (iOS) */,
				8A5FA00F266B674F0059224D /* Memorize (macOS) */,
			);
		};
/* End PBXProject section */

/* Begin PBXResourcesBuildPhase section */
		8A5FA006266B674F0059224D /* Resources */ = {
			isa = PBXResourcesBuildPhase;
			buildActionMask = 2147483647;
			files = (
				8A5FA018266B674F0059224D /* Assets.xcassets in Resources */,
			);
			runOnlyForDeploymentPostprocessing = 0;
		};
		8A5FA00E266B674F0059224D /* Resources */ = {
			isa = PBXResourcesBuildPhase;
			buildActionMask = 2147483647;
			files = (
				8A5FA019266B674F0059224D /* Assets.xcassets in Resources */,
			);
			runOnlyForDeploymentPostprocessing = 0;
		};
/* End PBXResourcesBuildPhase section */

/* Begin PBXSourcesBuildPhase section */
		8A5FA004266B674F0059224D /* Sources */ = {
			isa = PBXSourcesBuildPhase;
			buildActionMask = 2147483647;
			files = (
				8A2CBED026A05E800099FF2D /* Cardify.swift in Sources */,
				8A2CBECD26A053A50099FF2D /* Pie.swift in Sources */,
				8A5FA025266F4C070059224D /* MemoryGame.swift in Sources */,
				8A656517267361300043EE57 /* Array+Identifiable.swift in Sources */,
				8A5FA016266B674F0059224D /* EmojiMemoryGameView.swift in Sources */,
				8A5FA014266B674F0059224D /* MemorizeApp.swift in Sources */,
				8A656514267355500043EE57 /* GridLayout.swift in Sources */,
				8A65651126734FDF0043EE57 /* Grid.swift in Sources */,
				8A5FA028266F4EAC0059224D /* EmojiMemoryGame.swift in Sources */,
				8A2CBEC7269C7B0A0099FF2D /* Array+Only.swift in Sources */,
				8A2CBECA269D8E7A0099FF2D /* Color+Hex.swift in Sources */,
			);
			runOnlyForDeploymentPostprocessing = 0;
		};
		8A5FA00C266B674F0059224D /* Sources */ = {
			isa = PBXSourcesBuildPhase;
			buildActionMask = 2147483647;
			files = (
				8A2CBED126A05E800099FF2D /* Cardify.swift in Sources */,
				8A2CBECE26A053A50099FF2D /* Pie.swift in Sources */,
				8A5FA026266F4C070059224D /* MemoryGame.swift in Sources */,
				8A656518267361300043EE57 /* Array+Identifiable.swift in Sources */,
				8A5FA017266B674F0059224D /* EmojiMemoryGameView.swift in Sources */,
				8A5FA015266B674F0059224D /* MemorizeApp.swift in Sources */,
				8A656515267355500043EE57 /* GridLayout.swift in Sources */,
				8A65651226734FDF0043EE57 /* Grid.swift in Sources */,
				8A5FA029266F4EAC0059224D /* EmojiMemoryGame.swift in Sources */,
				8A2CBEC8269C7B0A0099FF2D /* Array+Only.swift in Sources */,
				8A2CBECB269D8E7A0099FF2D /* Color+Hex.swift in Sources */,
			);
			runOnlyForDeploymentPostprocessing = 0;
		};
/* End PBXSourcesBuildPhase section */

/* Begin XCBuildConfiguration section */
		8A5FA01A266B674F0059224D /* Debug */ = {
			isa = XCBuildConfiguration;
			buildSettings = {
				ALWAYS_SEARCH_USER_PATHS = NO;
				CLANG_ANALYZER_NONNULL = YES;
				CLANG_ANALYZER_NUMBER_OBJECT_CONVERSION = YES_AGGRESSIVE;
				CLANG_CXX_LANGUAGE_STANDARD = "gnu++14";
				CLANG_CXX_LIBRARY = "libc++";
				CLANG_ENABLE_MODULES = YES;
				CLANG_ENABLE_OBJC_ARC = YES;
				CLANG_ENABLE_OBJC_WEAK = YES;
				CLANG_WARN_BLOCK_CAPTURE_AUTORELEASING = YES;
				CLANG_WARN_BOOL_CONVERSION = YES;
				CLANG_WARN_COMMA = YES;
				CLANG_WARN_CONSTANT_CONVERSION = YES;
				CLANG_WARN_DEPRECATED_OBJC_IMPLEMENTATIONS = YES;
				CLANG_WARN_DIRECT_OBJC_ISA_USAGE = YES_ERROR;
				CLANG_WARN_DOCUMENTATION_COMMENTS = YES;
				CLANG_WARN_EMPTY_BODY = YES;
				CLANG_WARN_ENUM_CONVERSION = YES;
				CLANG_WARN_INFINITE_RECURSION = YES;
				CLANG_WARN_INT_CONVERSION = YES;
				CLANG_WARN_NON_LITERAL_NULL_CONVERSION = YES;
				CLANG_WARN_OBJC_IMPLICIT_RETAIN_SELF = YES;
				CLANG_WARN_OBJC_LITERAL_CONVERSION = YES;
				CLANG_WARN_OBJC_ROOT_CLASS = YES_ERROR;
				CLANG_WARN_QUOTED_INCLUDE_IN_FRAMEWORK_HEADER = YES;
				CLANG_WARN_RANGE_LOOP_ANALYSIS = YES;
				CLANG_WARN_STRICT_PROTOTYPES = YES;
				CLANG_WARN_SUSPICIOUS_MOVE = YES;
				CLANG_WARN_UNGUARDED_AVAILABILITY = YES_AGGRESSIVE;
				CLANG_WARN_UNREACHABLE_CODE = YES;
				CLANG_WARN__DUPLICATE_METHOD_MATCH = YES;
				COPY_PHASE_STRIP = NO;
				DEBUG_INFORMATION_FORMAT = dwarf;
				ENABLE_STRICT_OBJC_MSGSEND = YES;
				ENABLE_TESTABILITY = YES;
				GCC_C_LANGUAGE_STANDARD = gnu11;
				GCC_DYNAMIC_NO_PIC = NO;
				GCC_NO_COMMON_BLOCKS = YES;
				GCC_OPTIMIZATION_LEVEL = 0;
				GCC_PREPROCESSOR_DEFINITIONS = (
					"DEBUG=1",
					"$(inherited)",
				);
				GCC_WARN_64_TO_32_BIT_CONVERSION = YES;
				GCC_WARN_ABOUT_RETURN_TYPE = YES_ERROR;
				GCC_WARN_UNDECLARED_SELECTOR = YES;
				GCC_WARN_UNINITIALIZED_AUTOS = YES_AGGRESSIVE;
				GCC_WARN_UNUSED_FUNCTION = YES;
				GCC_WARN_UNUSED_VARIABLE = YES;
				MTL_ENABLE_DEBUG_INFO = INCLUDE_SOURCE;
				MTL_FAST_MATH = YES;
				ONLY_ACTIVE_ARCH = YES;
				SWIFT_ACTIVE_COMPILATION_CONDITIONS = DEBUG;
				SWIFT_OPTIMIZATION_LEVEL = "-Onone";
			};
			name = Debug;
		};
		8A5FA01B266B674F0059224D /* Release */ = {
			isa = XCBuildConfiguration;
			buildSettings = {
				ALWAYS_SEARCH_USER_PATHS = NO;
				CLANG_ANALYZER_NONNULL = YES;
				CLANG_ANALYZER_NUMBER_OBJECT_CONVERSION = YES_AGGRESSIVE;
				CLANG_CXX_LANGUAGE_STANDARD = "gnu++14";
				CLANG_CXX_LIBRARY = "libc++";
				CLANG_ENABLE_MODULES = YES;
				CLANG_ENABLE_OBJC_ARC = YES;
				CLANG_ENABLE_OBJC_WEAK = YES;
				CLANG_WARN_BLOCK_CAPTURE_AUTORELEASING = YES;
				CLANG_WARN_BOOL_CONVERSION = YES;
				CLANG_WARN_COMMA = YES;
				CLANG_WARN_CONSTANT_CONVERSION = YES;
				CLANG_WARN_DEPRECATED_OBJC_IMPLEMENTATIONS = YES;
				CLANG_WARN_DIRECT_OBJC_ISA_USAGE = YES_ERROR;
				CLANG_WARN_DOCUMENTATION_COMMENTS = YES;
				CLANG_WARN_EMPTY_BODY = YES;
				CLANG_WARN_ENUM_CONVERSION = YES;
				CLANG_WARN_INFINITE_RECURSION = YES;
				CLANG_WARN_INT_CONVERSION = YES;
				CLANG_WARN_NON_LITERAL_NULL_CONVERSION = YES;
				CLANG_WARN_OBJC_IMPLICIT_RETAIN_SELF = YES;
				CLANG_WARN_OBJC_LITERAL_CONVERSION = YES;
				CLANG_WARN_OBJC_ROOT_CLASS = YES_ERROR;
				CLANG_WARN_QUOTED_INCLUDE_IN_FRAMEWORK_HEADER = YES;
				CLANG_WARN_RANGE_LOOP_ANALYSIS = YES;
				CLANG_WARN_STRICT_PROTOTYPES = YES;
				CLANG_WARN_SUSPICIOUS_MOVE = YES;
				CLANG_WARN_UNGUARDED_AVAILABILITY = YES_AGGRESSIVE;
				CLANG_WARN_UNREACHABLE_CODE = YES;
				CLANG_WARN__DUPLICATE_METHOD_MATCH = YES;
				COPY_PHASE_STRIP = NO;
				DEBUG_INFORMATION_FORMAT = "dwarf-with-dsym";
				ENABLE_NS_ASSERTIONS = NO;
				ENABLE_STRICT_OBJC_MSGSEND = YES;
				GCC_C_LANGUAGE_STANDARD = gnu11;
				GCC_NO_COMMON_BLOCKS = YES;
				GCC_WARN_64_TO_32_BIT_CONVERSION = YES;
				GCC_WARN_ABOUT_RETURN_TYPE = YES_ERROR;
				GCC_WARN_UNDECLARED_SELECTOR = YES;
				GCC_WARN_UNINITIALIZED_AUTOS = YES_AGGRESSIVE;
				GCC_WARN_UNUSED_FUNCTION = YES;
				GCC_WARN_UNUSED_VARIABLE = YES;
				MTL_ENABLE_DEBUG_INFO = NO;
				MTL_FAST_MATH = YES;
				SWIFT_COMPILATION_MODE = wholemodule;
				SWIFT_OPTIMIZATION_LEVEL = "-O";
			};
			name = Release;
		};
		8A5FA01D266B674F0059224D /* Debug */ = {
			isa = XCBuildConfiguration;
			buildSettings = {
				ASSETCATALOG_COMPILER_APPICON_NAME = AppIcon;
				ASSETCATALOG_COMPILER_GLOBAL_ACCENT_COLOR_NAME = AccentColor;
				CODE_SIGN_STYLE = Automatic;
				DEVELOPMENT_TEAM = WH34DMFD48;
				ENABLE_PREVIEWS = YES;
				INFOPLIST_FILE = iOS/Info.plist;
				IPHONEOS_DEPLOYMENT_TARGET = 14.0;
				LD_RUNPATH_SEARCH_PATHS = (
					"$(inherited)",
					"@executable_path/Frameworks",
				);
				PRODUCT_BUNDLE_IDENTIFIER = com.andrey.schekotov.Memorize;
				PRODUCT_NAME = Memorize;
				SDKROOT = iphoneos;
				SWIFT_VERSION = 5.0;
				TARGETED_DEVICE_FAMILY = "1,2";
			};
			name = Debug;
		};
		8A5FA01E266B674F0059224D /* Release */ = {
			isa = XCBuildConfiguration;
			buildSettings = {
				ASSETCATALOG_COMPILER_APPICON_NAME = AppIcon;
				ASSETCATALOG_COMPILER_GLOBAL_ACCENT_COLOR_NAME = AccentColor;
				CODE_SIGN_STYLE = Automatic;
				DEVELOPMENT_TEAM = WH34DMFD48;
				ENABLE_PREVIEWS = YES;
				INFOPLIST_FILE = iOS/Info.plist;
				IPHONEOS_DEPLOYMENT_TARGET = 14.0;
				LD_RUNPATH_SEARCH_PATHS = (
					"$(inherited)",
					"@executable_path/Frameworks",
				);
				PRODUCT_BUNDLE_IDENTIFIER = com.andrey.schekotov.Memorize;
				PRODUCT_NAME = Memorize;
				SDKROOT = iphoneos;
				SWIFT_VERSION = 5.0;
				TARGETED_DEVICE_FAMILY = "1,2";
				VALIDATE_PRODUCT = YES;
			};
			name = Release;
		};
		8A5FA020266B674F0059224D /* Debug */ = {
			isa = XCBuildConfiguration;
			buildSettings = {
				ASSETCATALOG_COMPILER_APPICON_NAME = AppIcon;
				ASSETCATALOG_COMPILER_GLOBAL_ACCENT_COLOR_NAME = AccentColor;
				CODE_SIGN_ENTITLEMENTS = macOS/macOS.entitlements;
				CODE_SIGN_STYLE = Automatic;
				COMBINE_HIDPI_IMAGES = YES;
				DEVELOPMENT_TEAM = WH34DMFD48;
				ENABLE_HARDENED_RUNTIME = YES;
				ENABLE_PREVIEWS = YES;
				INFOPLIST_FILE = macOS/Info.plist;
				LD_RUNPATH_SEARCH_PATHS = (
					"$(inherited)",
					"@executable_path/../Frameworks",
				);
				MACOSX_DEPLOYMENT_TARGET = 11.0;
				PRODUCT_BUNDLE_IDENTIFIER = com.andrey.schekotov.Memorize;
				PRODUCT_NAME = Memorize;
				SDKROOT = macosx;
				SWIFT_VERSION = 5.0;
			};
			name = Debug;
		};
		8A5FA021266B674F0059224D /* Release */ = {
			isa = XCBuildConfiguration;
			buildSettings = {
				ASSETCATALOG_COMPILER_APPICON_NAME = AppIcon;
				ASSETCATALOG_COMPILER_GLOBAL_ACCENT_COLOR_NAME = AccentColor;
				CODE_SIGN_ENTITLEMENTS = macOS/macOS.entitlements;
				CODE_SIGN_STYLE = Automatic;
				COMBINE_HIDPI_IMAGES = YES;
				DEVELOPMENT_TEAM = WH34DMFD48;
				ENABLE_HARDENED_RUNTIME = YES;
				ENABLE_PREVIEWS = YES;
				INFOPLIST_FILE = macOS/Info.plist;
				LD_RUNPATH_SEARCH_PATHS = (
					"$(inherited)",
					"@executable_path/../Frameworks",
				);
				MACOSX_DEPLOYMENT_TARGET = 11.0;
				PRODUCT_BUNDLE_IDENTIFIER = com.andrey.schekotov.Memorize;
				PRODUCT_NAME = Memorize;
				SDKROOT = macosx;
				SWIFT_VERSION = 5.0;
			};
			name = Release;
		};
/* End XCBuildConfiguration section */

/* Begin XCConfigurationList section */
		8A5F9FFF266B674E0059224D /* Build configuration list for PBXProject "Memorize" */ = {
			isa = XCConfigurationList;
			buildConfigurations = (
				8A5FA01A266B674F0059224D /* Debug */,
				8A5FA01B266B674F0059224D /* Release */,
			);
			defaultConfigurationIsVisible = 0;
			defaultConfigurationName = Release;
		};
		8A5FA01C266B674F0059224D /* Build configuration list for PBXNativeTarget "Memorize (iOS)" */ = {
			isa = XCConfigurationList;
			buildConfigurations = (
				8A5FA01D266B674F0059224D /* Debug */,
				8A5FA01E266B674F0059224D /* Release */,
			);
			defaultConfigurationIsVisible = 0;
			defaultConfigurationName = Release;
		};
		8A5FA01F266B674F0059224D /* Build configuration list for PBXNativeTarget "Memorize (macOS)" */ = {
			isa = XCConfigurationList;
			buildConfigurations = (
				8A5FA020266B674F0059224D /* Debug */,
				8A5FA021266B674F0059224D /* Release */,
			);
			defaultConfigurationIsVisible = 0;
			defaultConfigurationName = Release;
		};
/* End XCConfigurationList section */
	};
	rootObject = 8A5F9FFC266B674E0059224D /* Project object */;
}
